
Microsoft Visual Studio Solution File, Format Version 12.00
# Visual Studio Version 16
VisualStudioVersion = 16.0.30523.141
MinimumVisualStudioVersion = 10.0.40219.1
Project("{FAE04EC0-301F-11D3-BF4B-00C04F79EFBC}") = "WebApplication1", "WebApplication1.csproj", "{A0FFBE11-2F13-4DFD-9021-57FA8D9039E7}"
EndProject
Global
	GlobalSection(SolutionConfigurationPlatforms) = preSolution
		Debug|Any CPU = Debug|Any CPU
		Release|Any CPU = Release|Any CPU
	EndGlobalSection
	GlobalSection(ProjectConfigurationPlatforms) = postSolution
		{A0FFBE11-2F13-4DFD-9021-57FA8D9039E7}.Debug|Any CPU.ActiveCfg = Debug|Any CPU
		{A0FFBE11-2F13-4DFD-9021-57FA8D9039E7}.Debug|Any CPU.Build.0 = Debug|Any CPU
		{A0FFBE11-2F13-4DFD-9021-57FA8D9039E7}.Release|Any CPU.ActiveCfg = Release|Any CPU
		{A0FFBE11-2F13-4DFD-9021-57FA8D9039E7}.Release|Any CPU.Build.0 = Release|Any CPU
	EndGlobalSection
	GlobalSection(SolutionProperties) = preSolution
		HideSolutionNode = FALSE
	EndGlobalSection
	GlobalSection(ExtensibilityGlobals) = postSolution
		SolutionGuid = {292C7320-0E3A-410F-BBC4-2964A456DAD3}
	EndGlobalSection
EndGlobal
